<?xml version="1.0" encoding="UTF-8"?>
<Scheme
   version = "1.3">
   <BuildAction>
      <BuildActionEntries>
         <BuildActionEntry
            buildForRunning = "YES">
            <BuildableReference
               BuildableIdentifier = "primary"
               BlueprintIdentifier = "30F536F1043E711B0494BF76"
               BuildableName = "SwiftUIFormRegistrationUI.app"
               BlueprintName = "SwiftUIFormRegistrationUI"
               ReferencedContainer = "container:SwiftUIFormRegistrationUI.xcodeproj">
            </BuildableReference>
         </BuildActionEntry>
      </BuildActionEntries>
   </BuildAction>
   <LaunchAction
      useCustomWorkingDirectory = "NO"
      buildConfiguration = "Debug"
      allowLocationSimulation = "YES">
      <BuildableProductRunnable>
         <BuildableReference
            BuildableIdentifier = "primary"
            BlueprintIdentifier = "30F536F1043E711B0494BF76"
            BuildableName = "SwiftUIFormRegistrationUI.app"
            BlueprintName = "SwiftUIFormRegistrationUI"
            ReferencedContainer = "container:SwiftUIFormRegistrationUI.xcodeproj">
         </BuildableReference>
      </BuildableProductRunnable>
   </LaunchAction>
</Scheme>
